schema: '2.0'
stages:
  load_data:
    cmd: python src/load_data.py --config=params.yaml
    deps:
    - path: data_given/campusplacement.csv
      md5: a97238029901d5a164a9880e13218d9f
      size: 20500
    - path: src/get_data.py
      md5: 1b317938d5a65299dc72911c59a95cfa
      size: 719
    - path: src/load_data.py
      md5: 38ddb8d697e8a29daacd579edf7da83b
      size: 1029
    - path: src/logger.py
      md5: 360e5390244c2d1430cf4eac89e9207d
      size: 504
    outs:
    - path: data/raw/campusplacement.csv
      md5: e045899d1ad4053c4a9587585883b412
      size: 20510
  split_data:
    cmd: python src/split_data.py --config=params.yaml
    deps:
    - path: data/raw/campusplacement.csv
      md5: e045899d1ad4053c4a9587585883b412
      size: 20510
    - path: src/logger.py
      md5: 360e5390244c2d1430cf4eac89e9207d
      size: 504
    - path: src/split_data.py
      md5: 24d876f1deac5321d23903c5933e8c0a
      size: 2063
    outs:
    - path: data/processed/test_campusplacement.csv
      md5: 89cc9ef8b9eea66f0858e8ae91924bfd
      size: 3581
    - path: data/processed/train_campusplacement.csv
      md5: c4bed4d22ae49229a9b8b84e396a35ec
      size: 14103
  train_and_evaluate:
    cmd: python src/train_and_evaluate.py --config=params.yaml
    deps:
    - path: data/processed/test_campusplacement.csv
      md5: 89cc9ef8b9eea66f0858e8ae91924bfd
      size: 3581
    - path: data/processed/train_campusplacement.csv
      md5: c4bed4d22ae49229a9b8b84e396a35ec
      size: 14103
    - path: src/train_and_evaluate.py
      md5: 9007b2638d80e026596188ccdfc33c5e
      size: 3603
    params:
      params.yaml:
        estimators.DecisionTreeClassifier.params.max_depth: 10
        estimators.DecisionTreeClassifier.params.max_leaf_nodes: 2
    outs:
    - path: saved_models/model.joblib
      md5: c4ab4bac55b90cc8e0985c81bb30e02d
      size: 1449
